// !$*UTF8*$!
{
	archiveVersion = 1;
	classes = {
	};
	objectVersion = 56;
	objects = {

/* Begin PBXBuildFile section */
		B984C67129B9340F000B742D /* WebService.swift in Sources */ = {isa = PBXBuildFile; fileRef = B984C67029B9340F000B742D /* WebService.swift */; };
		B984C67329B94A24000B742D /* WeatherResponse.swift in Sources */ = {isa = PBXBuildFile; fileRef = B984C67229B94A24000B742D /* WeatherResponse.swift */; };
		B984C67529B94E6B000B742D /* AddWeatherViewModel.swift in Sources */ = {isa = PBXBuildFile; fileRef = B984C67429B94E6B000B742D /* AddWeatherViewModel.swift */; };
		B984C67829B94F3C000B742D /* Constants.swift in Sources */ = {isa = PBXBuildFile; fileRef = B984C67729B94F3C000B742D /* Constants.swift */; };
		B984C67B29B94F8F000B742D /* String+Extensions.swift in Sources */ = {isa = PBXBuildFile; fileRef = B984C67A29B94F8F000B742D /* String+Extensions.swift */; };
		B984C67D29B951DC000B742D /* WeatherListViewModel.swift in Sources */ = {isa = PBXBuildFile; fileRef = B984C67C29B951DC000B742D /* WeatherListViewModel.swift */; };
		B984C68029B95758000B742D /* WeatherCell.swift in Sources */ = {isa = PBXBuildFile; fileRef = B984C67F29B95758000B742D /* WeatherCell.swift */; };
		B984C68229B9589C000B742D /* Double+Extensions.swift in Sources */ = {isa = PBXBuildFile; fileRef = B984C68129B9589C000B742D /* Double+Extensions.swift */; };
		B984C68429BA6E71000B742D /* SettingTableViewController.swift in Sources */ = {isa = PBXBuildFile; fileRef = B984C68329BA6E71000B742D /* SettingTableViewController.swift */; };
		B984C68629BA6EC1000B742D /* SettingsViewModel.swift in Sources */ = {isa = PBXBuildFile; fileRef = B984C68529BA6EC1000B742D /* SettingsViewModel.swift */; };
		B9E5ED8B29B7EBCF006EDEEB /* AppDelegate.swift in Sources */ = {isa = PBXBuildFile; fileRef = B9E5ED8A29B7EBCF006EDEEB /* AppDelegate.swift */; };
		B9E5ED8D29B7EBCF006EDEEB /* SceneDelegate.swift in Sources */ = {isa = PBXBuildFile; fileRef = B9E5ED8C29B7EBCF006EDEEB /* SceneDelegate.swift */; };
		B9E5ED9229B7EBCF006EDEEB /* Main.storyboard in Resources */ = {isa = PBXBuildFile; fileRef = B9E5ED9029B7EBCF006EDEEB /* Main.storyboard */; };
		B9E5ED9429B7EBD0006EDEEB /* Assets.xcassets in Resources */ = {isa = PBXBuildFile; fileRef = B9E5ED9329B7EBD0006EDEEB /* Assets.xcassets */; };
		B9E5ED9729B7EBD0006EDEEB /* LaunchScreen.storyboard in Resources */ = {isa = PBXBuildFile; fileRef = B9E5ED9529B7EBD0006EDEEB /* LaunchScreen.storyboard */; };
		B9E5EDA329B8D6EF006EDEEB /* WeatherListTableViewController.swift in Sources */ = {isa = PBXBuildFile; fileRef = B9E5EDA229B8D6EF006EDEEB /* WeatherListTableViewController.swift */; };
		B9E5EDA529B8D70A006EDEEB /* AddWeatherCityViewController.swift in Sources */ = {isa = PBXBuildFile; fileRef = B9E5EDA429B8D70A006EDEEB /* AddWeatherCityViewController.swift */; };
/* End PBXBuildFile section */

/* Begin PBXFileReference section */
		B984C67029B9340F000B742D /* WebService.swift */ = {isa = PBXFileReference; lastKnownFileType = sourcecode.swift; path = WebService.swift; sourceTree = "<group>"; };
		B984C67229B94A24000B742D /* WeatherResponse.swift */ = {isa = PBXFileReference; lastKnownFileType = sourcecode.swift; path = WeatherResponse.swift; sourceTree = "<group>"; };
		B984C67429B94E6B000B742D /* AddWeatherViewModel.swift */ = {isa = PBXFileReference; lastKnownFileType = sourcecode.swift; path = AddWeatherViewModel.swift; sourceTree = "<group>"; };
		B984C67729B94F3C000B742D /* Constants.swift */ = {isa = PBXFileReference; lastKnownFileType = sourcecode.swift; path = Constants.swift; sourceTree = "<group>"; };
		B984C67A29B94F8F000B742D /* String+Extensions.swift */ = {isa = PBXFileReference; lastKnownFileType = sourcecode.swift; path = "String+Extensions.swift"; sourceTree = "<group>"; };
		B984C67C29B951DC000B742D /* WeatherListViewModel.swift */ = {isa = PBXFileReference; lastKnownFileType = sourcecode.swift; path = WeatherListViewModel.swift; sourceTree = "<group>"; };
		B984C67F29B95758000B742D /* WeatherCell.swift */ = {isa = PBXFileReference; lastKnownFileType = sourcecode.swift; path = WeatherCell.swift; sourceTree = "<group>"; };
		B984C68129B9589C000B742D /* Double+Extensions.swift */ = {isa = PBXFileReference; lastKnownFileType = sourcecode.swift; path = "Double+Extensions.swift"; sourceTree = "<group>"; };
		B984C68329BA6E71000B742D /* SettingTableViewController.swift */ = {isa = PBXFileReference; lastKnownFileType = sourcecode.swift; path = SettingTableViewController.swift; sourceTree = "<group>"; };
		B984C68529BA6EC1000B742D /* SettingsViewModel.swift */ = {isa = PBXFileReference; lastKnownFileType = sourcecode.swift; path = SettingsViewModel.swift; sourceTree = "<group>"; };
		B9E5ED8729B7EBCF006EDEEB /* GoodWeather.app */ = {isa = PBXFileReference; explicitFileType = wrapper.application; includeInIndex = 0; path = GoodWeather.app; sourceTree = BUILT_PRODUCTS_DIR; };
		B9E5ED8A29B7EBCF006EDEEB /* AppDelegate.swift */ = {isa = PBXFileReference; lastKnownFileType = sourcecode.swift; path = AppDelegate.swift; sourceTree = "<group>"; };
		B9E5ED8C29B7EBCF006EDEEB /* SceneDelegate.swift */ = {isa = PBXFileReference; lastKnownFileType = sourcecode.swift; path = SceneDelegate.swift; sourceTree = "<group>"; };
		B9E5ED9129B7EBCF006EDEEB /* Base */ = {isa = PBXFileReference; lastKnownFileType = file.storyboard; name = Base; path = Base.lproj/Main.storyboard; sourceTree = "<group>"; };
		B9E5ED9329B7EBD0006EDEEB /* Assets.xcassets */ = {isa = PBXFileReference; lastKnownFileType = folder.assetcatalog; path = Assets.xcassets; sourceTree = "<group>"; };
		B9E5ED9629B7EBD0006EDEEB /* Base */ = {isa = PBXFileReference; lastKnownFileType = file.storyboard; name = Base; path = Base.lproj/LaunchScreen.storyboard; sourceTree = "<group>"; };
		B9E5ED9829B7EBD0006EDEEB /* Info.plist */ = {isa = PBXFileReference; lastKnownFileType = text.plist.xml; path = Info.plist; sourceTree = "<group>"; };
		B9E5EDA229B8D6EF006EDEEB /* WeatherListTableViewController.swift */ = {isa = PBXFileReference; lastKnownFileType = sourcecode.swift; path = WeatherListTableViewController.swift; sourceTree = "<group>"; };
		B9E5EDA429B8D70A006EDEEB /* AddWeatherCityViewController.swift */ = {isa = PBXFileReference; lastKnownFileType = sourcecode.swift; path = AddWeatherCityViewController.swift; sourceTree = "<group>"; };
/* End PBXFileReference section */

/* Begin PBXFrameworksBuildPhase section */
		B9E5ED8429B7EBCF006EDEEB /* Frameworks */ = {
			isa = PBXFrameworksBuildPhase;
			buildActionMask = 2147483647;
			files = (
			);
			runOnlyForDeploymentPostprocessing = 0;
		};
/* End PBXFrameworksBuildPhase section */

/* Begin PBXGroup section */
		B984C66F29B93402000B742D /* Services */ = {
			isa = PBXGroup;
			children = (
				B984C67029B9340F000B742D /* WebService.swift */,
			);
			path = Services;
			sourceTree = "<group>";
		};
		B984C67629B94F2C000B742D /* Utiliy */ = {
			isa = PBXGroup;
			children = (
				B984C67729B94F3C000B742D /* Constants.swift */,
			);
			path = Utiliy;
			sourceTree = "<group>";
		};
		B984C67929B94F7D000B742D /* Extensions */ = {
			isa = PBXGroup;
			children = (
				B984C67A29B94F8F000B742D /* String+Extensions.swift */,
				B984C68129B9589C000B742D /* Double+Extensions.swift */,
			);
			path = Extensions;
			sourceTree = "<group>";
		};
		B984C67E29B9574B000B742D /* Custom Cells */ = {
			isa = PBXGroup;
			children = (
				B984C67F29B95758000B742D /* WeatherCell.swift */,
			);
			path = "Custom Cells";
			sourceTree = "<group>";
		};
		B9E5ED7E29B7EBCF006EDEEB = {
			isa = PBXGroup;
			children = (
				B9E5ED8929B7EBCF006EDEEB /* GoodWeather */,
				B9E5ED8829B7EBCF006EDEEB /* Products */,
			);
			sourceTree = "<group>";
		};
		B9E5ED8829B7EBCF006EDEEB /* Products */ = {
			isa = PBXGroup;
			children = (
				B9E5ED8729B7EBCF006EDEEB /* GoodWeather.app */,
			);
			name = Products;
			sourceTree = "<group>";
		};
		B9E5ED8929B7EBCF006EDEEB /* GoodWeather */ = {
			isa = PBXGroup;
			children = (
				B984C67E29B9574B000B742D /* Custom Cells */,
				B984C67929B94F7D000B742D /* Extensions */,
				B984C67629B94F2C000B742D /* Utiliy */,
				B984C66F29B93402000B742D /* Services */,
				B9E5EDA129B8D6CE006EDEEB /* Model */,
				B9E5EDA029B8D6BD006EDEEB /* ViewModel */,
				B9E5ED9F29B8D6B7006EDEEB /* View */,
				B9E5ED8A29B7EBCF006EDEEB /* AppDelegate.swift */,
				B9E5ED8C29B7EBCF006EDEEB /* SceneDelegate.swift */,
				B9E5ED9029B7EBCF006EDEEB /* Main.storyboard */,
				B9E5ED9329B7EBD0006EDEEB /* Assets.xcassets */,
				B9E5ED9529B7EBD0006EDEEB /* LaunchScreen.storyboard */,
				B9E5ED9829B7EBD0006EDEEB /* Info.plist */,
			);
			path = GoodWeather;
			sourceTree = "<group>";
		};
		B9E5ED9F29B8D6B7006EDEEB /* View */ = {
			isa = PBXGroup;
			children = (
				B9E5EDA229B8D6EF006EDEEB /* WeatherListTableViewController.swift */,
				B9E5EDA429B8D70A006EDEEB /* AddWeatherCityViewController.swift */,
				B984C68329BA6E71000B742D /* SettingTableViewController.swift */,
			);
			path = View;
			sourceTree = "<group>";
		};
		B9E5EDA029B8D6BD006EDEEB /* ViewModel */ = {
			isa = PBXGroup;
			children = (
				B984C67429B94E6B000B742D /* AddWeatherViewModel.swift */,
				B984C67C29B951DC000B742D /* WeatherListViewModel.swift */,
				B984C68529BA6EC1000B742D /* SettingsViewModel.swift */,
			);
			path = ViewModel;
			sourceTree = "<group>";
		};
		B9E5EDA129B8D6CE006EDEEB /* Model */ = {
			isa = PBXGroup;
			children = (
				B984C67229B94A24000B742D /* WeatherResponse.swift */,
			);
			path = Model;
			sourceTree = "<group>";
		};
/* End PBXGroup section */

/* Begin PBXNativeTarget section */
		B9E5ED8629B7EBCF006EDEEB /* GoodWeather */ = {
			isa = PBXNativeTarget;
			buildConfigurationList = B9E5ED9B29B7EBD0006EDEEB /* Build configuration list for PBXNativeTarget "GoodWeather" */;
			buildPhases = (
				B9E5ED8329B7EBCF006EDEEB /* Sources */,
				B9E5ED8429B7EBCF006EDEEB /* Frameworks */,
				B9E5ED8529B7EBCF006EDEEB /* Resources */,
			);
			buildRules = (
			);
			dependencies = (
			);
			name = GoodWeather;
			productName = GoodWeather;
			productReference = B9E5ED8729B7EBCF006EDEEB /* GoodWeather.app */;
			productType = "com.apple.product-type.application";
		};
/* End PBXNativeTarget section */

/* Begin PBXProject section */
		B9E5ED7F29B7EBCF006EDEEB /* Project object */ = {
			isa = PBXProject;
			attributes = {
				BuildIndependentTargetsInParallel = 1;
				LastSwiftUpdateCheck = 1420;
				LastUpgradeCheck = 1420;
				TargetAttributes = {
					B9E5ED8629B7EBCF006EDEEB = {
						CreatedOnToolsVersion = 14.2;
					};
				};
			};
			buildConfigurationList = B9E5ED8229B7EBCF006EDEEB /* Build configuration list for PBXProject "GoodWeather" */;
			compatibilityVersion = "Xcode 14.0";
			developmentRegion = en;
			hasScannedForEncodings = 0;
			knownRegions = (
				en,
				Base,
			);
			mainGroup = B9E5ED7E29B7EBCF006EDEEB;
			productRefGroup = B9E5ED8829B7EBCF006EDEEB /* Products */;
			projectDirPath = "";
			projectRoot = "";
			targets = (
				B9E5ED8629B7EBCF006EDEEB /* GoodWeather */,
			);
		};
/* End PBXProject section */

/* Begin PBXResourcesBuildPhase section */
		B9E5ED8529B7EBCF006EDEEB /* Resources */ = {
			isa = PBXResourcesBuildPhase;
			buildActionMask = 2147483647;
			files = (
				B9E5ED9729B7EBD0006EDEEB /* LaunchScreen.storyboard in Resources */,
				B9E5ED9429B7EBD0006EDEEB /* Assets.xcassets in Resources */,
				B9E5ED9229B7EBCF006EDEEB /* Main.storyboard in Resources */,
			);
			runOnlyForDeploymentPostprocessing = 0;
		};
/* End PBXResourcesBuildPhase section */

/* Begin PBXSourcesBuildPhase section */
		B9E5ED8329B7EBCF006EDEEB /* Sources */ = {
			isa = PBXSourcesBuildPhase;
			buildActionMask = 2147483647;
			files = (
				B984C68229B9589C000B742D /* Double+Extensions.swift in Sources */,
				B984C68429BA6E71000B742D /* SettingTableViewController.swift in Sources */,
				B9E5EDA329B8D6EF006EDEEB /* WeatherListTableViewController.swift in Sources */,
				B984C67329B94A24000B742D /* WeatherResponse.swift in Sources */,
				B984C67529B94E6B000B742D /* AddWeatherViewModel.swift in Sources */,
				B9E5ED8B29B7EBCF006EDEEB /* AppDelegate.swift in Sources */,
				B984C67B29B94F8F000B742D /* String+Extensions.swift in Sources */,
				B984C68029B95758000B742D /* WeatherCell.swift in Sources */,
				B9E5EDA529B8D70A006EDEEB /* AddWeatherCityViewController.swift in Sources */,
				B984C67129B9340F000B742D /* WebService.swift in Sources */,
				B9E5ED8D29B7EBCF006EDEEB /* SceneDelegate.swift in Sources */,
				B984C67829B94F3C000B742D /* Constants.swift in Sources */,
				B984C67D29B951DC000B742D /* WeatherListViewModel.swift in Sources */,
				B984C68629BA6EC1000B742D /* SettingsViewModel.swift in Sources */,
			);
			runOnlyForDeploymentPostprocessing = 0;
		};
/* End PBXSourcesBuildPhase section */

/* Begin PBXVariantGroup section */
		B9E5ED9029B7EBCF006EDEEB /* Main.storyboard */ = {
			isa = PBXVariantGroup;
			children = (
				B9E5ED9129B7EBCF006EDEEB /* Base */,
			);
			name = Main.storyboard;
			sourceTree = "<group>";
		};
		B9E5ED9529B7EBD0006EDEEB /* LaunchScreen.storyboard */ = {
			isa = PBXVariantGroup;
			children = (
				B9E5ED9629B7EBD0006EDEEB /* Base */,
			);
			name = LaunchScreen.storyboard;
			sourceTree = "<group>";
		};
/* End PBXVariantGroup section */

/* Begin XCBuildConfiguration section */
		B9E5ED9929B7EBD0006EDEEB /* Debug */ = {
			isa = XCBuildConfiguration;
			buildSettings = {
				ALWAYS_SEARCH_USER_PATHS = NO;
				CLANG_ANALYZER_NONNULL = YES;
				CLANG_ANALYZER_NUMBER_OBJECT_CONVERSION = YES_AGGRESSIVE;
				CLANG_CXX_LANGUAGE_STANDARD = "gnu++20";
				CLANG_ENABLE_MODULES = YES;
				CLANG_ENABLE_OBJC_ARC = YES;
				CLANG_ENABLE_OBJC_WEAK = YES;
				CLANG_WARN_BLOCK_CAPTURE_AUTORELEASING = YES;
				CLANG_WARN_BOOL_CONVERSION = YES;
				CLANG_WARN_COMMA = YES;
				CLANG_WARN_CONSTANT_CONVERSION = YES;
				CLANG_WARN_DEPRECATED_OBJC_IMPLEMENTATIONS = YES;
				CLANG_WARN_DIRECT_OBJC_ISA_USAGE = YES_ERROR;
				CLANG_WARN_DOCUMENTATION_COMMENTS = YES;
				CLANG_WARN_EMPTY_BODY = YES;
				CLANG_WARN_ENUM_CONVERSION = YES;
				CLANG_WARN_INFINITE_RECURSION = YES;
				CLANG_WARN_INT_CONVERSION = YES;
				CLANG_WARN_NON_LITERAL_NULL_CONVERSION = YES;
				CLANG_WARN_OBJC_IMPLICIT_RETAIN_SELF = YES;
				CLANG_WARN_OBJC_LITERAL_CONVERSION = YES;
				CLANG_WARN_OBJC_ROOT_CLASS = YES_ERROR;
				CLANG_WARN_QUOTED_INCLUDE_IN_FRAMEWORK_HEADER = YES;
				CLANG_WARN_RANGE_LOOP_ANALYSIS = YES;
				CLANG_WARN_STRICT_PROTOTYPES = YES;
				CLANG_WARN_SUSPICIOUS_MOVE = YES;
				CLANG_WARN_UNGUARDED_AVAILABILITY = YES_AGGRESSIVE;
				CLANG_WARN_UNREACHABLE_CODE = YES;
				CLANG_WARN__DUPLICATE_METHOD_MATCH = YES;
				COPY_PHASE_STRIP = NO;
				DEBUG_INFORMATION_FORMAT = dwarf;
				ENABLE_STRICT_OBJC_MSGSEND = YES;
				ENABLE_TESTABILITY = YES;
				GCC_C_LANGUAGE_STANDARD = gnu11;
				GCC_DYNAMIC_NO_PIC = NO;
				GCC_NO_COMMON_BLOCKS = YES;
				GCC_OPTIMIZATION_LEVEL = 0;
				GCC_PREPROCESSOR_DEFINITIONS = (
					"DEBUG=1",
					"$(inherited)",
				);
				GCC_WARN_64_TO_32_BIT_CONVERSION = YES;
				GCC_WARN_ABOUT_RETURN_TYPE = YES_ERROR;
				GCC_WARN_UNDECLARED_SELECTOR = YES;
				GCC_WARN_UNINITIALIZED_AUTOS = YES_AGGRESSIVE;
				GCC_WARN_UNUSED_FUNCTION = YES;
				GCC_WARN_UNUSED_VARIABLE = YES;
				IPHONEOS_DEPLOYMENT_TARGET = 16.2;
				MTL_ENABLE_DEBUG_INFO = INCLUDE_SOURCE;
				MTL_FAST_MATH = YES;
				ONLY_ACTIVE_ARCH = YES;
				SDKROOT = iphoneos;
				SWIFT_ACTIVE_COMPILATION_CONDITIONS = DEBUG;
				SWIFT_OPTIMIZATION_LEVEL = "-Onone";
			};
			name = Debug;
		};
		B9E5ED9A29B7EBD0006EDEEB /* Release */ = {
			isa = XCBuildConfiguration;
			buildSettings = {
				ALWAYS_SEARCH_USER_PATHS = NO;
				CLANG_ANALYZER_NONNULL = YES;
				CLANG_ANALYZER_NUMBER_OBJECT_CONVERSION = YES_AGGRESSIVE;
				CLANG_CXX_LANGUAGE_STANDARD = "gnu++20";
				CLANG_ENABLE_MODULES = YES;
				CLANG_ENABLE_OBJC_ARC = YES;
				CLANG_ENABLE_OBJC_WEAK = YES;
				CLANG_WARN_BLOCK_CAPTURE_AUTORELEASING = YES;
				CLANG_WARN_BOOL_CONVERSION = YES;
				CLANG_WARN_COMMA = YES;
				CLANG_WARN_CONSTANT_CONVERSION = YES;
				CLANG_WARN_DEPRECATED_OBJC_IMPLEMENTATIONS = YES;
				CLANG_WARN_DIRECT_OBJC_ISA_USAGE = YES_ERROR;
				CLANG_WARN_DOCUMENTATION_COMMENTS = YES;
				CLANG_WARN_EMPTY_BODY = YES;
				CLANG_WARN_ENUM_CONVERSION = YES;
				CLANG_WARN_INFINITE_RECURSION = YES;
				CLANG_WARN_INT_CONVERSION = YES;
				CLANG_WARN_NON_LITERAL_NULL_CONVERSION = YES;
				CLANG_WARN_OBJC_IMPLICIT_RETAIN_SELF = YES;
				CLANG_WARN_OBJC_LITERAL_CONVERSION = YES;
				CLANG_WARN_OBJC_ROOT_CLASS = YES_ERROR;
				CLANG_WARN_QUOTED_INCLUDE_IN_FRAMEWORK_HEADER = YES;
				CLANG_WARN_RANGE_LOOP_ANALYSIS = YES;
				CLANG_WARN_STRICT_PROTOTYPES = YES;
				CLANG_WARN_SUSPICIOUS_MOVE = YES;
				CLANG_WARN_UNGUARDED_AVAILABILITY = YES_AGGRESSIVE;
				CLANG_WARN_UNREACHABLE_CODE = YES;
				CLANG_WARN__DUPLICATE_METHOD_MATCH = YES;
				COPY_PHASE_STRIP = NO;
				DEBUG_INFORMATION_FORMAT = "dwarf-with-dsym";
				ENABLE_NS_ASSERTIONS = NO;
				ENABLE_STRICT_OBJC_MSGSEND = YES;
				GCC_C_LANGUAGE_STANDARD = gnu11;
				GCC_NO_COMMON_BLOCKS = YES;
				GCC_WARN_64_TO_32_BIT_CONVERSION = YES;
				GCC_WARN_ABOUT_RETURN_TYPE = YES_ERROR;
				GCC_WARN_UNDECLARED_SELECTOR = YES;
				GCC_WARN_UNINITIALIZED_AUTOS = YES_AGGRESSIVE;
				GCC_WARN_UNUSED_FUNCTION = YES;
				GCC_WARN_UNUSED_VARIABLE = YES;
				IPHONEOS_DEPLOYMENT_TARGET = 16.2;
				MTL_ENABLE_DEBUG_INFO = NO;
				MTL_FAST_MATH = YES;
				SDKROOT = iphoneos;
				SWIFT_COMPILATION_MODE = wholemodule;
				SWIFT_OPTIMIZATION_LEVEL = "-O";
				VALIDATE_PRODUCT = YES;
			};
			name = Release;
		};
		B9E5ED9C29B7EBD0006EDEEB /* Debug */ = {
			isa = XCBuildConfiguration;
			buildSettings = {
				ASSETCATALOG_COMPILER_APPICON_NAME = AppIcon;
				ASSETCATALOG_COMPILER_GLOBAL_ACCENT_COLOR_NAME = AccentColor;
				CODE_SIGN_STYLE = Automatic;
				CURRENT_PROJECT_VERSION = 1;
				DEVELOPMENT_TEAM = Z24Z5QFBHM;
				GENERATE_INFOPLIST_FILE = YES;
				INFOPLIST_FILE = GoodWeather/Info.plist;
				INFOPLIST_KEY_UIApplicationSupportsIndirectInputEvents = YES;
				INFOPLIST_KEY_UILaunchStoryboardName = LaunchScreen;
				INFOPLIST_KEY_UIMainStoryboardFile = Main;
				INFOPLIST_KEY_UISupportedInterfaceOrientations_iPad = "UIInterfaceOrientationPortrait UIInterfaceOrientationPortraitUpsideDown UIInterfaceOrientationLandscapeLeft UIInterfaceOrientationLandscapeRight";
				INFOPLIST_KEY_UISupportedInterfaceOrientations_iPhone = "UIInterfaceOrientationPortrait UIInterfaceOrientationLandscapeLeft UIInterfaceOrientationLandscapeRight";
				LD_RUNPATH_SEARCH_PATHS = (
					"$(inherited)",
					"@executable_path/Frameworks",
				);
				MARKETING_VERSION = 1.0;
				PRODUCT_BUNDLE_IDENTIFIER = com.ngoyes.GoodWeather;
				PRODUCT_NAME = "$(TARGET_NAME)";
				SWIFT_EMIT_LOC_STRINGS = YES;
				SWIFT_VERSION = 5.0;
				TARGETED_DEVICE_FAMILY = "1,2";
			};
			name = Debug;
		};
		B9E5ED9D29B7EBD0006EDEEB /* Release */ = {
			isa = XCBuildConfiguration;
			buildSettings = {
				ASSETCATALOG_COMPILER_APPICON_NAME = AppIcon;
				ASSETCATALOG_COMPILER_GLOBAL_ACCENT_COLOR_NAME = AccentColor;
				CODE_SIGN_STYLE = Automatic;
				CURRENT_PROJECT_VERSION = 1;
				DEVELOPMENT_TEAM = Z24Z5QFBHM;
				GENERATE_INFOPLIST_FILE = YES;
				INFOPLIST_FILE = GoodWeather/Info.plist;
				INFOPLIST_KEY_UIApplicationSupportsIndirectInputEvents = YES;
				INFOPLIST_KEY_UILaunchStoryboardName = LaunchScreen;
				INFOPLIST_KEY_UIMainStoryboardFile = Main;
				INFOPLIST_KEY_UISupportedInterfaceOrientations_iPad = "UIInterfaceOrientationPortrait UIInterfaceOrientationPortraitUpsideDown UIInterfaceOrientationLandscapeLeft UIInterfaceOrientationLandscapeRight";
				INFOPLIST_KEY_UISupportedInterfaceOrientations_iPhone = "UIInterfaceOrientationPortrait UIInterfaceOrientationLandscapeLeft UIInterfaceOrientationLandscapeRight";
				LD_RUNPATH_SEARCH_PATHS = (
					"$(inherited)",
					"@executable_path/Frameworks",
				);
				MARKETING_VERSION = 1.0;
				PRODUCT_BUNDLE_IDENTIFIER = com.ngoyes.GoodWeather;
				PRODUCT_NAME = "$(TARGET_NAME)";
				SWIFT_EMIT_LOC_STRINGS = YES;
				SWIFT_VERSION = 5.0;
				TARGETED_DEVICE_FAMILY = "1,2";
			};
			name = Release;
		};
/* End XCBuildConfiguration section */

/* Begin XCConfigurationList section */
		B9E5ED8229B7EBCF006EDEEB /* Build configuration list for PBXProject "GoodWeather" */ = {
			isa = XCConfigurationList;
			buildConfigurations = (
				B9E5ED9929B7EBD0006EDEEB /* Debug */,
				B9E5ED9A29B7EBD0006EDEEB /* Release */,
			);
			defaultConfigurationIsVisible = 0;
			defaultConfigurationName = Release;
		};
		B9E5ED9B29B7EBD0006EDEEB /* Build configuration list for PBXNativeTarget "GoodWeather" */ = {
			isa = XCConfigurationList;
			buildConfigurations = (
				B9E5ED9C29B7EBD0006EDEEB /* Debug */,
				B9E5ED9D29B7EBD0006EDEEB /* Release */,
			);
			defaultConfigurationIsVisible = 0;
			defaultConfigurationName = Release;
		};
/* End XCConfigurationList section */
	};
	rootObject = B9E5ED7F29B7EBCF006EDEEB /* Project object */;
}
